%{
  "castore": {:hex, :castore, "1.0.8", "dedcf20ea746694647f883590b82d9e96014057aff1d44d03ec90f36a5c0dc6e", [:mix], [], "hexpm", "0b2b66d2ee742cb1d9cb8c8be3b43c3a70ee8651f37b75a8b982e036752983f1"},
  "complex": {:hex, :complex, "0.5.0", "af2d2331ff6170b61bb738695e481b27a66780e18763e066ee2cd863d0b1dd92", [:mix], [], "hexpm", "2683bd3c184466cfb94fad74cbfddfaa94b860e27ad4ca1bffe3bff169d91ef1"},
  "elixir_make": {:hex, :elixir_make, "0.8.4", "4960a03ce79081dee8fe119d80ad372c4e7badb84c493cc75983f9d3bc8bde0f", [:mix], [{:castore, "~> 0.1 or ~> 1.0", [hex: :castore, repo: "hexpm", optional: true]}, {:certifi, "~> 2.0", [hex: :certifi, repo: "hexpm", optional: true]}], "hexpm", "6e7f1d619b5f61dfabd0a20aa268e575572b542ac31723293a4c1a567d5ef040"},
  "evision": {:hex, :evision, "0.1.39", "b76c914566528b587894b1d4dc87ae53a84493ec98fc70ec0b9cdc4cb175afd1", [:make, :mix, :rebar3], [{:castore, "~> 0.1 or ~> 1.0", [hex: :castore, repo: "hexpm", optional: false]}, {:elixir_make, "~> 0.7", [hex: :elixir_make, repo: "hexpm", optional: false]}, {:kino, "~> 0.11", [hex: :kino, repo: "hexpm", optional: true]}, {:nx, "~> 0.4", [hex: :nx, repo: "hexpm", optional: false]}, {:progress_bar, "~> 2.0 or ~> 3.0", [hex: :progress_bar, repo: "hexpm", optional: true]}], "hexpm", "dc26c157584cac000deaf6bc772292b008cb19ef80c2575f6fbe10dd7f7c3b84"},
  "file_system": {:hex, :file_system, "0.2.10", "fb082005a9cd1711c05b5248710f8826b02d7d1784e7c3451f9c1231d4fc162d", [:mix], [], "hexpm", "41195edbfb562a593726eda3b3e8b103a309b733ad25f3d642ba49696bf715dc"},
  "jason": {:hex, :jason, "1.4.4", "b9226785a9aa77b6857ca22832cffa5d5011a667207eb2a0ad56adb5db443b8a", [:mix], [{:decimal, "~> 1.0 or ~> 2.0", [hex: :decimal, repo: "hexpm", optional: true]}], "hexpm", "c5eb0cab91f094599f94d55bc63409236a8ec69a21a67814529e8d5f6cc90b3b"},
  "logger_json": {:hex, :logger_json, "6.2.0", "13e2e9f5f7b195865c5c3ef3d296c3ad50e7ecb038d899433702a79e979b91d7", [:mix], [{:ecto, "~> 3.11", [hex: :ecto, repo: "hexpm", optional: true]}, {:jason, "~> 1.4", [hex: :jason, repo: "hexpm", optional: false]}, {:plug, "~> 1.15", [hex: :plug, repo: "hexpm", optional: true]}, {:telemetry, "~> 1.0", [hex: :telemetry, repo: "hexpm", optional: true]}], "hexpm", "98366d02bedbb56e41b25a6d248d566d4f4bc224bae2b1e982df00ed04ba9219"},
  "mix_test_watch": {:hex, :mix_test_watch, "1.0.0", "8aab923f91e551719e68152060a71e39a6de24dc5c9b76d40f6b062dd0b1f9ac", [:mix], [{:file_system, "~> 0.2.1 or ~> 0.3", [hex: :file_system, repo: "hexpm", optional: false]}], "hexpm", "3d5ff5e96f874011f650306db484cc8dc3c7cd5b1fddf47b2f6e9336c17dd69d"},
  "nx": {:hex, :nx, "0.7.0", "cec684cada356e9d268af01daa758882f7372aa952716dbe0369c657abb9e762", [:mix], [{:complex, "~> 0.5", [hex: :complex, repo: "hexpm", optional: false]}, {:telemetry, "~> 0.4.0 or ~> 1.0", [hex: :telemetry, repo: "hexpm", optional: false]}], "hexpm", "68edaa48a5841495ecab0dd4cf7b11b2fc0ad809754ae7f82d9c4090b91acf55"},
  "portmidi": {:hex, :portmidi, "3.0.0", "dc3d61ee7be0c0054ac32d57b98efdf48ca5af7ca3d40ab49b98fc39de4701df", [:mix], [], "hexpm", "3feb37070afbb977a3daa2c6227591e607f17331e0880fc8ac068ac69a78f626"},
  "telemetry": {:hex, :telemetry, "1.3.0", "fedebbae410d715cf8e7062c96a1ef32ec22e764197f70cda73d82778d61e7a2", [:rebar3], [], "hexpm", "7015fc8919dbe63764f4b4b87a95b7c0996bd539e0d499be6ec9d7f3875b79e6"},
}
